
Microsoft Visual Studio Solution File, Format Version 12.00
# Visual Studio Version 17
VisualStudioVersion = 17.0.32014.148
MinimumVisualStudioVersion = 10.0.40219.1
Project("{9A19103F-16F7-4668-BE54-9A1E7A4F7556}") = "HDE.AudioRecorder", "HDE.AudioRecorder\HDE.AudioRecorder.csproj", "{1B869E8A-55B4-4B15-A402-2FD87A41D31D}"
EndProject
Project("{FAE04EC0-301F-11D3-BF4B-00C04F79EFBC}") = "AudioRecorder", "AudioRecorder\AudioRecorder.csproj", "{E613F428-6B30-4273-B994-4A8E79BFCE6F}"
EndProject
Global
	GlobalSection(SolutionConfigurationPlatforms) = preSolution
		Debug|Any CPU = Debug|Any CPU
		Debug|ARM = Debug|ARM
		Debug|ARM64 = Debug|ARM64
		Debug|x64 = Debug|x64
		Debug|x86 = Debug|x86
		Release|Any CPU = Release|Any CPU
		Release|ARM = Release|ARM
		Release|ARM64 = Release|ARM64
		Release|x64 = Release|x64
		Release|x86 = Release|x86
	EndGlobalSection
	GlobalSection(ProjectConfigurationPlatforms) = postSolution
		{1B869E8A-55B4-4B15-A402-2FD87A41D31D}.Debug|Any CPU.ActiveCfg = Debug|Any CPU
		{1B869E8A-55B4-4B15-A402-2FD87A41D31D}.Debug|Any CPU.Build.0 = Debug|Any CPU
		{1B869E8A-55B4-4B15-A402-2FD87A41D31D}.Debug|ARM.ActiveCfg = Debug|Any CPU
		{1B869E8A-55B4-4B15-A402-2FD87A41D31D}.Debug|ARM.Build.0 = Debug|Any CPU
		{1B869E8A-55B4-4B15-A402-2FD87A41D31D}.Debug|ARM64.ActiveCfg = Debug|Any CPU
		{1B869E8A-55B4-4B15-A402-2FD87A41D31D}.Debug|ARM64.Build.0 = Debug|Any CPU
		{1B869E8A-55B4-4B15-A402-2FD87A41D31D}.Debug|x64.ActiveCfg = Debug|Any CPU
		{1B869E8A-55B4-4B15-A402-2FD87A41D31D}.Debug|x64.Build.0 = Debug|Any CPU
		{1B869E8A-55B4-4B15-A402-2FD87A41D31D}.Debug|x86.ActiveCfg = Debug|Any CPU
		{1B869E8A-55B4-4B15-A402-2FD87A41D31D}.Debug|x86.Build.0 = Debug|Any CPU
		{1B869E8A-55B4-4B15-A402-2FD87A41D31D}.Release|Any CPU.ActiveCfg = Release|Any CPU
		{1B869E8A-55B4-4B15-A402-2FD87A41D31D}.Release|Any CPU.Build.0 = Release|Any CPU
		{1B869E8A-55B4-4B15-A402-2FD87A41D31D}.Release|ARM.ActiveCfg = Release|Any CPU
		{1B869E8A-55B4-4B15-A402-2FD87A41D31D}.Release|ARM.Build.0 = Release|Any CPU
		{1B869E8A-55B4-4B15-A402-2FD87A41D31D}.Release|ARM64.ActiveCfg = Release|Any CPU
		{1B869E8A-55B4-4B15-A402-2FD87A41D31D}.Release|ARM64.Build.0 = Release|Any CPU
		{1B869E8A-55B4-4B15-A402-2FD87A41D31D}.Release|x64.ActiveCfg = Release|Any CPU
		{1B869E8A-55B4-4B15-A402-2FD87A41D31D}.Release|x64.Build.0 = Release|Any CPU
		{1B869E8A-55B4-4B15-A402-2FD87A41D31D}.Release|x86.ActiveCfg = Release|Any CPU
		{1B869E8A-55B4-4B15-A402-2FD87A41D31D}.Release|x86.Build.0 = Release|Any CPU
		{E613F428-6B30-4273-B994-4A8E79BFCE6F}.Debug|Any CPU.ActiveCfg = Debug|x64
		{E613F428-6B30-4273-B994-4A8E79BFCE6F}.Debug|Any CPU.Build.0 = Debug|x64
		{E613F428-6B30-4273-B994-4A8E79BFCE6F}.Debug|Any CPU.Deploy.0 = Debug|x64
		{E613F428-6B30-4273-B994-4A8E79BFCE6F}.Debug|ARM.ActiveCfg = Debug|ARM
		{E613F428-6B30-4273-B994-4A8E79BFCE6F}.Debug|ARM.Build.0 = Debug|ARM
		{E613F428-6B30-4273-B994-4A8E79BFCE6F}.Debug|ARM.Deploy.0 = Debug|ARM
		{E613F428-6B30-4273-B994-4A8E79BFCE6F}.Debug|ARM64.ActiveCfg = Debug|ARM64
		{E613F428-6B30-4273-B994-4A8E79BFCE6F}.Debug|ARM64.Build.0 = Debug|ARM64
		{E613F428-6B30-4273-B994-4A8E79BFCE6F}.Debug|ARM64.Deploy.0 = Debug|ARM64
		{E613F428-6B30-4273-B994-4A8E79BFCE6F}.Debug|x64.ActiveCfg = Debug|x64
		{E613F428-6B30-4273-B994-4A8E79BFCE6F}.Debug|x64.Build.0 = Debug|x64
		{E613F428-6B30-4273-B994-4A8E79BFCE6F}.Debug|x64.Deploy.0 = Debug|x64
		{E613F428-6B30-4273-B994-4A8E79BFCE6F}.Debug|x86.ActiveCfg = Debug|x86
		{E613F428-6B30-4273-B994-4A8E79BFCE6F}.Debug|x86.Build.0 = Debug|x86
		{E613F428-6B30-4273-B994-4A8E79BFCE6F}.Debug|x86.Deploy.0 = Debug|x86
		{E613F428-6B30-4273-B994-4A8E79BFCE6F}.Release|Any CPU.ActiveCfg = Release|x64
		{E613F428-6B30-4273-B994-4A8E79BFCE6F}.Release|Any CPU.Build.0 = Release|x64
		{E613F428-6B30-4273-B994-4A8E79BFCE6F}.Release|Any CPU.Deploy.0 = Release|x64
		{E613F428-6B30-4273-B994-4A8E79BFCE6F}.Release|ARM.ActiveCfg = Release|ARM
		{E613F428-6B30-4273-B994-4A8E79BFCE6F}.Release|ARM.Build.0 = Release|ARM
		{E613F428-6B30-4273-B994-4A8E79BFCE6F}.Release|ARM.Deploy.0 = Release|ARM
		{E613F428-6B30-4273-B994-4A8E79BFCE6F}.Release|ARM64.ActiveCfg = Release|ARM64
		{E613F428-6B30-4273-B994-4A8E79BFCE6F}.Release|ARM64.Build.0 = Release|ARM64
		{E613F428-6B30-4273-B994-4A8E79BFCE6F}.Release|ARM64.Deploy.0 = Release|ARM64
		{E613F428-6B30-4273-B994-4A8E79BFCE6F}.Release|x64.ActiveCfg = Release|x64
		{E613F428-6B30-4273-B994-4A8E79BFCE6F}.Release|x64.Build.0 = Release|x64
		{E613F428-6B30-4273-B994-4A8E79BFCE6F}.Release|x64.Deploy.0 = Release|x64
		{E613F428-6B30-4273-B994-4A8E79BFCE6F}.Release|x86.ActiveCfg = Release|x86
		{E613F428-6B30-4273-B994-4A8E79BFCE6F}.Release|x86.Build.0 = Release|x86
		{E613F428-6B30-4273-B994-4A8E79BFCE6F}.Release|x86.Deploy.0 = Release|x86
	EndGlobalSection
	GlobalSection(SolutionProperties) = preSolution
		HideSolutionNode = FALSE
	EndGlobalSection
	GlobalSection(ExtensibilityGlobals) = postSolution
		SolutionGuid = {7FEB02E9-FEC3-4A99-A993-CEF6A3251A14}
	EndGlobalSection
EndGlobal
